
Microsoft Visual Studio Solution File, Format Version 12.00
# Visual Studio Version 16
VisualStudioVersion = 16.0.30001.183
MinimumVisualStudioVersion = 10.0.40219.1
Project("{9A19103F-16F7-4668-BE54-9A1E7A4F7556}") = "InstagramComputerVision", "InstagramComputerVision\InstagramComputerVision.csproj", "{2BF5FE76-16D1-452E-A2FA-0C7CBD199126}"
EndProject
Global
	GlobalSection(SolutionConfigurationPlatforms) = preSolution
		Debug|Any CPU = Debug|Any CPU
		Release|Any CPU = Release|Any CPU
	EndGlobalSection
	GlobalSection(ProjectConfigurationPlatforms) = postSolution
		{2BF5FE76-16D1-452E-A2FA-0C7CBD199126}.Debug|Any CPU.ActiveCfg = Debug|Any CPU
		{2BF5FE76-16D1-452E-A2FA-0C7CBD199126}.Debug|Any CPU.Build.0 = Debug|Any CPU
		{2BF5FE76-16D1-452E-A2FA-0C7CBD199126}.Release|Any CPU.ActiveCfg = Release|Any CPU
		{2BF5FE76-16D1-452E-A2FA-0C7CBD199126}.Release|Any CPU.Build.0 = Release|Any CPU
	EndGlobalSection
	GlobalSection(SolutionProperties) = preSolution
		HideSolutionNode = FALSE
	EndGlobalSection
	GlobalSection(ExtensibilityGlobals) = postSolution
		SolutionGuid = {F2641B27-77D2-46C1-AD89-BE8B0656FC99}
	EndGlobalSection
EndGlobal
